// !$*UTF8*$!
{
	archiveVersion = 1;
	classes = {
	};
	objectVersion = 48;
	objects = {

/* Begin PBXBuildFile section */
		04C70D728BD1160CFCC97DEC /* Pods_WeatherGift.framework in Frameworks */ = {isa = PBXBuildFile; fileRef = 2F8F6203FF378BFF48D71C2E /* Pods_WeatherGift.framework */; };
		8B4718FC207EB7D20091E59B /* HourlyWeatherCell.swift in Sources */ = {isa = PBXBuildFile; fileRef = 8B4718FB207EB7D20091E59B /* HourlyWeatherCell.swift */; };
		8BE5153A2072800200EB0EDB /* TimeInterval+format.swift in Sources */ = {isa = PBXBuildFile; fileRef = 8BE515392072800200EB0EDB /* TimeInterval+format.swift */; };
		8BEF5A8F205F668000FCDF38 /* AppDelegate.swift in Sources */ = {isa = PBXBuildFile; fileRef = 8BEF5A8E205F668000FCDF38 /* AppDelegate.swift */; };
		8BEF5A94205F668000FCDF38 /* Main.storyboard in Resources */ = {isa = PBXBuildFile; fileRef = 8BEF5A92205F668000FCDF38 /* Main.storyboard */; };
		8BEF5A96205F668000FCDF38 /* Assets.xcassets in Resources */ = {isa = PBXBuildFile; fileRef = 8BEF5A95205F668000FCDF38 /* Assets.xcassets */; };
		8BEF5A99205F668000FCDF38 /* LaunchScreen.storyboard in Resources */ = {isa = PBXBuildFile; fileRef = 8BEF5A97205F668000FCDF38 /* LaunchScreen.storyboard */; };
		8BEF5AA7205F684300FCDF38 /* DetailVC.swift in Sources */ = {isa = PBXBuildFile; fileRef = 8BEF5AA6205F684300FCDF38 /* DetailVC.swift */; };
		8BEF5AA9205F6DDF00FCDF38 /* ListVC.swift in Sources */ = {isa = PBXBuildFile; fileRef = 8BEF5AA8205F6DDF00FCDF38 /* ListVC.swift */; };
		8BEF5AAB205F704A00FCDF38 /* PageVC.swift in Sources */ = {isa = PBXBuildFile; fileRef = 8BEF5AAA205F704A00FCDF38 /* PageVC.swift */; };
		8BEF5ABD2069528800FCDF38 /* WeatherLocation.swift in Sources */ = {isa = PBXBuildFile; fileRef = 8BEF5ABC2069528800FCDF38 /* WeatherLocation.swift */; };
		8BEF5AC1206FED1300FCDF38 /* Constants.swift in Sources */ = {isa = PBXBuildFile; fileRef = 8BEF5AC0206FED1300FCDF38 /* Constants.swift */; };
		8BEF5AC72071581500FCDF38 /* DayWeatherCell.swift in Sources */ = {isa = PBXBuildFile; fileRef = 8BEF5AC62071581500FCDF38 /* DayWeatherCell.swift */; };
/* End PBXBuildFile section */

/* Begin PBXFileReference section */
		2F8F6203FF378BFF48D71C2E /* Pods_WeatherGift.framework */ = {isa = PBXFileReference; explicitFileType = wrapper.framework; includeInIndex = 0; path = Pods_WeatherGift.framework; sourceTree = BUILT_PRODUCTS_DIR; };
		51E122CF70541F10031A2619 /* Pods-WeatherGift.debug.xcconfig */ = {isa = PBXFileReference; includeInIndex = 1; lastKnownFileType = text.xcconfig; name = "Pods-WeatherGift.debug.xcconfig"; path = "Pods/Target Support Files/Pods-WeatherGift/Pods-WeatherGift.debug.xcconfig"; sourceTree = "<group>"; };
		8B4718FB207EB7D20091E59B /* HourlyWeatherCell.swift */ = {isa = PBXFileReference; lastKnownFileType = sourcecode.swift; path = HourlyWeatherCell.swift; sourceTree = "<group>"; };
		8BE515392072800200EB0EDB /* TimeInterval+format.swift */ = {isa = PBXFileReference; lastKnownFileType = sourcecode.swift; path = "TimeInterval+format.swift"; sourceTree = "<group>"; };
		8BEF5A8B205F668000FCDF38 /* WeatherGift.app */ = {isa = PBXFileReference; explicitFileType = wrapper.application; includeInIndex = 0; path = WeatherGift.app; sourceTree = BUILT_PRODUCTS_DIR; };
		8BEF5A8E205F668000FCDF38 /* AppDelegate.swift */ = {isa = PBXFileReference; lastKnownFileType = sourcecode.swift; path = AppDelegate.swift; sourceTree = "<group>"; };
		8BEF5A93205F668000FCDF38 /* Base */ = {isa = PBXFileReference; lastKnownFileType = file.storyboard; name = Base; path = Base.lproj/Main.storyboard; sourceTree = "<group>"; };
		8BEF5A95205F668000FCDF38 /* Assets.xcassets */ = {isa = PBXFileReference; lastKnownFileType = folder.assetcatalog; path = Assets.xcassets; sourceTree = "<group>"; };
		8BEF5A98205F668000FCDF38 /* Base */ = {isa = PBXFileReference; lastKnownFileType = file.storyboard; name = Base; path = Base.lproj/LaunchScreen.storyboard; sourceTree = "<group>"; };
		8BEF5A9A205F668100FCDF38 /* Info.plist */ = {isa = PBXFileReference; lastKnownFileType = text.plist.xml; path = Info.plist; sourceTree = "<group>"; };
		8BEF5AA6205F684300FCDF38 /* DetailVC.swift */ = {isa = PBXFileReference; lastKnownFileType = sourcecode.swift; path = DetailVC.swift; sourceTree = "<group>"; };
		8BEF5AA8205F6DDF00FCDF38 /* ListVC.swift */ = {isa = PBXFileReference; lastKnownFileType = sourcecode.swift; path = ListVC.swift; sourceTree = "<group>"; };
		8BEF5AAA205F704A00FCDF38 /* PageVC.swift */ = {isa = PBXFileReference; lastKnownFileType = sourcecode.swift; path = PageVC.swift; sourceTree = "<group>"; };
		8BEF5ABC2069528800FCDF38 /* WeatherLocation.swift */ = {isa = PBXFileReference; lastKnownFileType = sourcecode.swift; path = WeatherLocation.swift; sourceTree = "<group>"; };
		8BEF5AC0206FED1300FCDF38 /* Constants.swift */ = {isa = PBXFileReference; lastKnownFileType = sourcecode.swift; path = Constants.swift; sourceTree = "<group>"; };
		8BEF5AC62071581500FCDF38 /* DayWeatherCell.swift */ = {isa = PBXFileReference; lastKnownFileType = sourcecode.swift; path = DayWeatherCell.swift; sourceTree = "<group>"; };
		AFC69FE2A5002D2E76A1A309 /* Pods-WeatherGift.release.xcconfig */ = {isa = PBXFileReference; includeInIndex = 1; lastKnownFileType = text.xcconfig; name = "Pods-WeatherGift.release.xcconfig"; path = "Pods/Target Support Files/Pods-WeatherGift/Pods-WeatherGift.release.xcconfig"; sourceTree = "<group>"; };
/* End PBXFileReference section */

/* Begin PBXFrameworksBuildPhase section */
		8BEF5A88205F668000FCDF38 /* Frameworks */ = {
			isa = PBXFrameworksBuildPhase;
			buildActionMask = 2147483647;
			files = (
				04C70D728BD1160CFCC97DEC /* Pods_WeatherGift.framework in Frameworks */,
			);
			runOnlyForDeploymentPostprocessing = 0;
		};
/* End PBXFrameworksBuildPhase section */

/* Begin PBXGroup section */
		4E2F43C532DE3EE0C235E7C8 /* Pods */ = {
			isa = PBXGroup;
			children = (
				51E122CF70541F10031A2619 /* Pods-WeatherGift.debug.xcconfig */,
				AFC69FE2A5002D2E76A1A309 /* Pods-WeatherGift.release.xcconfig */,
			);
			name = Pods;
			sourceTree = "<group>";
		};
		63C1F37D34CFE3609F64E75E /* Frameworks */ = {
			isa = PBXGroup;
			children = (
				2F8F6203FF378BFF48D71C2E /* Pods_WeatherGift.framework */,
			);
			name = Frameworks;
			sourceTree = "<group>";
		};
		8BEF5A82205F668000FCDF38 = {
			isa = PBXGroup;
			children = (
				8BEF5A8D205F668000FCDF38 /* WeatherGift */,
				8BEF5A8C205F668000FCDF38 /* Products */,
				4E2F43C532DE3EE0C235E7C8 /* Pods */,
				63C1F37D34CFE3609F64E75E /* Frameworks */,
			);
			sourceTree = "<group>";
		};
		8BEF5A8C205F668000FCDF38 /* Products */ = {
			isa = PBXGroup;
			children = (
				8BEF5A8B205F668000FCDF38 /* WeatherGift.app */,
			);
			name = Products;
			sourceTree = "<group>";
		};
		8BEF5A8D205F668000FCDF38 /* WeatherGift */ = {
			isa = PBXGroup;
			children = (
				8BEF5A8E205F668000FCDF38 /* AppDelegate.swift */,
				8BEF5ABC2069528800FCDF38 /* WeatherLocation.swift */,
				8BEF5AAA205F704A00FCDF38 /* PageVC.swift */,
				8BEF5AA6205F684300FCDF38 /* DetailVC.swift */,
				8BEF5AC62071581500FCDF38 /* DayWeatherCell.swift */,
				8B4718FB207EB7D20091E59B /* HourlyWeatherCell.swift */,
				8BE515392072800200EB0EDB /* TimeInterval+format.swift */,
				8BEF5AA8205F6DDF00FCDF38 /* ListVC.swift */,
				8BEF5AC0206FED1300FCDF38 /* Constants.swift */,
				8BEF5A92205F668000FCDF38 /* Main.storyboard */,
				8BEF5A95205F668000FCDF38 /* Assets.xcassets */,
				8BEF5A97205F668000FCDF38 /* LaunchScreen.storyboard */,
				8BEF5A9A205F668100FCDF38 /* Info.plist */,
			);
			path = WeatherGift;
			sourceTree = "<group>";
		};
/* End PBXGroup section */

/* Begin PBXNativeTarget section */
		8BEF5A8A205F668000FCDF38 /* WeatherGift */ = {
			isa = PBXNativeTarget;
			buildConfigurationList = 8BEF5A9D205F668100FCDF38 /* Build configuration list for PBXNativeTarget "WeatherGift" */;
			buildPhases = (
				054737B066E6F8ACC10567FC /* [CP] Check Pods Manifest.lock */,
				8BEF5A87205F668000FCDF38 /* Sources */,
				8BEF5A88205F668000FCDF38 /* Frameworks */,
				8BEF5A89205F668000FCDF38 /* Resources */,
				876AFCF37FAFCDAC2A769F45 /* [CP] Embed Pods Frameworks */,
				7EB544616BD720C780CCCD6C /* [CP] Copy Pods Resources */,
			);
			buildRules = (
			);
			dependencies = (
			);
			name = WeatherGift;
			productName = WeatherGift;
			productReference = 8BEF5A8B205F668000FCDF38 /* WeatherGift.app */;
			productType = "com.apple.product-type.application";
		};
/* End PBXNativeTarget section */

/* Begin PBXProject section */
		8BEF5A83205F668000FCDF38 /* Project object */ = {
			isa = PBXProject;
			attributes = {
				LastSwiftUpdateCheck = 0920;
				LastUpgradeCheck = 0920;
				ORGANIZATIONNAME = "Tram Nguyen";
				TargetAttributes = {
					8BEF5A8A205F668000FCDF38 = {
						CreatedOnToolsVersion = 9.2;
						ProvisioningStyle = Automatic;
					};
				};
			};
			buildConfigurationList = 8BEF5A86205F668000FCDF38 /* Build configuration list for PBXProject "WeatherGift" */;
			compatibilityVersion = "Xcode 8.0";
			developmentRegion = en;
			hasScannedForEncodings = 0;
			knownRegions = (
				en,
				Base,
			);
			mainGroup = 8BEF5A82205F668000FCDF38;
			productRefGroup = 8BEF5A8C205F668000FCDF38 /* Products */;
			projectDirPath = "";
			projectRoot = "";
			targets = (
				8BEF5A8A205F668000FCDF38 /* WeatherGift */,
			);
		};
/* End PBXProject section */

/* Begin PBXResourcesBuildPhase section */
		8BEF5A89205F668000FCDF38 /* Resources */ = {
			isa = PBXResourcesBuildPhase;
			buildActionMask = 2147483647;
			files = (
				8BEF5A99205F668000FCDF38 /* LaunchScreen.storyboard in Resources */,
				8BEF5A96205F668000FCDF38 /* Assets.xcassets in Resources */,
				8BEF5A94205F668000FCDF38 /* Main.storyboard in Resources */,
			);
			runOnlyForDeploymentPostprocessing = 0;
		};
/* End PBXResourcesBuildPhase section */

/* Begin PBXShellScriptBuildPhase section */
		054737B066E6F8ACC10567FC /* [CP] Check Pods Manifest.lock */ = {
			isa = PBXShellScriptBuildPhase;
			buildActionMask = 2147483647;
			files = (
			);
			inputPaths = (
				"${PODS_PODFILE_DIR_PATH}/Podfile.lock",
				"${PODS_ROOT}/Manifest.lock",
			);
			name = "[CP] Check Pods Manifest.lock";
			outputPaths = (
				"$(DERIVED_FILE_DIR)/Pods-WeatherGift-checkManifestLockResult.txt",
			);
			runOnlyForDeploymentPostprocessing = 0;
			shellPath = /bin/sh;
			shellScript = "diff \"${PODS_PODFILE_DIR_PATH}/Podfile.lock\" \"${PODS_ROOT}/Manifest.lock\" > /dev/null\nif [ $? != 0 ] ; then\n    # print error to STDERR\n    echo \"error: The sandbox is not in sync with the Podfile.lock. Run 'pod install' or update your CocoaPods installation.\" >&2\n    exit 1\nfi\n# This output is used by Xcode 'outputs' to avoid re-running this script phase.\necho \"SUCCESS\" > \"${SCRIPT_OUTPUT_FILE_0}\"\n";
			showEnvVarsInLog = 0;
		};
		7EB544616BD720C780CCCD6C /* [CP] Copy Pods Resources */ = {
			isa = PBXShellScriptBuildPhase;
			buildActionMask = 2147483647;
			files = (
			);
			inputPaths = (
				"${SRCROOT}/Pods/Target Support Files/Pods-WeatherGift/Pods-WeatherGift-resources.sh",
				"${PODS_ROOT}/GooglePlaces/Frameworks/GooglePlaces.framework/Resources/GooglePlaces.bundle",
			);
			name = "[CP] Copy Pods Resources";
			outputPaths = (
				"${TARGET_BUILD_DIR}/${UNLOCALIZED_RESOURCES_FOLDER_PATH}/GooglePlaces.bundle",
			);
			runOnlyForDeploymentPostprocessing = 0;
			shellPath = /bin/sh;
			shellScript = "\"${SRCROOT}/Pods/Target Support Files/Pods-WeatherGift/Pods-WeatherGift-resources.sh\"\n";
			showEnvVarsInLog = 0;
		};
		876AFCF37FAFCDAC2A769F45 /* [CP] Embed Pods Frameworks */ = {
			isa = PBXShellScriptBuildPhase;
			buildActionMask = 2147483647;
			files = (
			);
			inputPaths = (
				"${SRCROOT}/Pods/Target Support Files/Pods-WeatherGift/Pods-WeatherGift-frameworks.sh",
				"${BUILT_PRODUCTS_DIR}/Alamofire/Alamofire.framework",
				"${BUILT_PRODUCTS_DIR}/SwiftyJSON/SwiftyJSON.framework",
			);
			name = "[CP] Embed Pods Frameworks";
			outputPaths = (
				"${TARGET_BUILD_DIR}/${FRAMEWORKS_FOLDER_PATH}/Alamofire.framework",
				"${TARGET_BUILD_DIR}/${FRAMEWORKS_FOLDER_PATH}/SwiftyJSON.framework",
			);
			runOnlyForDeploymentPostprocessing = 0;
			shellPath = /bin/sh;
			shellScript = "\"${SRCROOT}/Pods/Target Support Files/Pods-WeatherGift/Pods-WeatherGift-frameworks.sh\"\n";
			showEnvVarsInLog = 0;
		};
/* End PBXShellScriptBuildPhase section */

/* Begin PBXSourcesBuildPhase section */
		8BEF5A87205F668000FCDF38 /* Sources */ = {
			isa = PBXSourcesBuildPhase;
			buildActionMask = 2147483647;
			files = (
				8BEF5AC72071581500FCDF38 /* DayWeatherCell.swift in Sources */,
				8B4718FC207EB7D20091E59B /* HourlyWeatherCell.swift in Sources */,
				8BEF5ABD2069528800FCDF38 /* WeatherLocation.swift in Sources */,
				8BEF5AA9205F6DDF00FCDF38 /* ListVC.swift in Sources */,
				8BEF5AAB205F704A00FCDF38 /* PageVC.swift in Sources */,
				8BE5153A2072800200EB0EDB /* TimeInterval+format.swift in Sources */,
				8BEF5A8F205F668000FCDF38 /* AppDelegate.swift in Sources */,
				8BEF5AA7205F684300FCDF38 /* DetailVC.swift in Sources */,
				8BEF5AC1206FED1300FCDF38 /* Constants.swift in Sources */,
			);
			runOnlyForDeploymentPostprocessing = 0;
		};
/* End PBXSourcesBuildPhase section */

/* Begin PBXVariantGroup section */
		8BEF5A92205F668000FCDF38 /* Main.storyboard */ = {
			isa = PBXVariantGroup;
			children = (
				8BEF5A93205F668000FCDF38 /* Base */,
			);
			name = Main.storyboard;
			sourceTree = "<group>";
		};
		8BEF5A97205F668000FCDF38 /* LaunchScreen.storyboard */ = {
			isa = PBXVariantGroup;
			children = (
				8BEF5A98205F668000FCDF38 /* Base */,
			);
			name = LaunchScreen.storyboard;
			sourceTree = "<group>";
		};
/* End PBXVariantGroup section */

/* Begin XCBuildConfiguration section */
		8BEF5A9B205F668100FCDF38 /* Debug */ = {
			isa = XCBuildConfiguration;
			buildSettings = {
				ALWAYS_SEARCH_USER_PATHS = NO;
				CLANG_ANALYZER_NONNULL = YES;
				CLANG_ANALYZER_NUMBER_OBJECT_CONVERSION = YES_AGGRESSIVE;
				CLANG_CXX_LANGUAGE_STANDARD = "gnu++14";
				CLANG_CXX_LIBRARY = "libc++";
				CLANG_ENABLE_MODULES = YES;
				CLANG_ENABLE_OBJC_ARC = YES;
				CLANG_WARN_BLOCK_CAPTURE_AUTORELEASING = YES;
				CLANG_WARN_BOOL_CONVERSION = YES;
				CLANG_WARN_COMMA = YES;
				CLANG_WARN_CONSTANT_CONVERSION = YES;
				CLANG_WARN_DIRECT_OBJC_ISA_USAGE = YES_ERROR;
				CLANG_WARN_DOCUMENTATION_COMMENTS = YES;
				CLANG_WARN_EMPTY_BODY = YES;
				CLANG_WARN_ENUM_CONVERSION = YES;
				CLANG_WARN_INFINITE_RECURSION = YES;
				CLANG_WARN_INT_CONVERSION = YES;
				CLANG_WARN_NON_LITERAL_NULL_CONVERSION = YES;
				CLANG_WARN_OBJC_LITERAL_CONVERSION = YES;
				CLANG_WARN_OBJC_ROOT_CLASS = YES_ERROR;
				CLANG_WARN_RANGE_LOOP_ANALYSIS = YES;
				CLANG_WARN_STRICT_PROTOTYPES = YES;
				CLANG_WARN_SUSPICIOUS_MOVE = YES;
				CLANG_WARN_UNGUARDED_AVAILABILITY = YES_AGGRESSIVE;
				CLANG_WARN_UNREACHABLE_CODE = YES;
				CLANG_WARN__DUPLICATE_METHOD_MATCH = YES;
				CODE_SIGN_IDENTITY = "iPhone Developer";
				COPY_PHASE_STRIP = NO;
				DEBUG_INFORMATION_FORMAT = dwarf;
				ENABLE_STRICT_OBJC_MSGSEND = YES;
				ENABLE_TESTABILITY = YES;
				GCC_C_LANGUAGE_STANDARD = gnu11;
				GCC_DYNAMIC_NO_PIC = NO;
				GCC_NO_COMMON_BLOCKS = YES;
				GCC_OPTIMIZATION_LEVEL = 0;
				GCC_PREPROCESSOR_DEFINITIONS = (
					"DEBUG=1",
					"$(inherited)",
				);
				GCC_WARN_64_TO_32_BIT_CONVERSION = YES;
				GCC_WARN_ABOUT_RETURN_TYPE = YES_ERROR;
				GCC_WARN_UNDECLARED_SELECTOR = YES;
				GCC_WARN_UNINITIALIZED_AUTOS = YES_AGGRESSIVE;
				GCC_WARN_UNUSED_FUNCTION = YES;
				GCC_WARN_UNUSED_VARIABLE = YES;
				IPHONEOS_DEPLOYMENT_TARGET = 11.2;
				MTL_ENABLE_DEBUG_INFO = YES;
				ONLY_ACTIVE_ARCH = YES;
				SDKROOT = iphoneos;
				SWIFT_ACTIVE_COMPILATION_CONDITIONS = DEBUG;
				SWIFT_OPTIMIZATION_LEVEL = "-Onone";
			};
			name = Debug;
		};
		8BEF5A9C205F668100FCDF38 /* Release */ = {
			isa = XCBuildConfiguration;
			buildSettings = {
				ALWAYS_SEARCH_USER_PATHS = NO;
				CLANG_ANALYZER_NONNULL = YES;
				CLANG_ANALYZER_NUMBER_OBJECT_CONVERSION = YES_AGGRESSIVE;
				CLANG_CXX_LANGUAGE_STANDARD = "gnu++14";
				CLANG_CXX_LIBRARY = "libc++";
				CLANG_ENABLE_MODULES = YES;
				CLANG_ENABLE_OBJC_ARC = YES;
				CLANG_WARN_BLOCK_CAPTURE_AUTORELEASING = YES;
				CLANG_WARN_BOOL_CONVERSION = YES;
				CLANG_WARN_COMMA = YES;
				CLANG_WARN_CONSTANT_CONVERSION = YES;
				CLANG_WARN_DIRECT_OBJC_ISA_USAGE = YES_ERROR;
				CLANG_WARN_DOCUMENTATION_COMMENTS = YES;
				CLANG_WARN_EMPTY_BODY = YES;
				CLANG_WARN_ENUM_CONVERSION = YES;
				CLANG_WARN_INFINITE_RECURSION = YES;
				CLANG_WARN_INT_CONVERSION = YES;
				CLANG_WARN_NON_LITERAL_NULL_CONVERSION = YES;
				CLANG_WARN_OBJC_LITERAL_CONVERSION = YES;
				CLANG_WARN_OBJC_ROOT_CLASS = YES_ERROR;
				CLANG_WARN_RANGE_LOOP_ANALYSIS = YES;
				CLANG_WARN_STRICT_PROTOTYPES = YES;
				CLANG_WARN_SUSPICIOUS_MOVE = YES;
				CLANG_WARN_UNGUARDED_AVAILABILITY = YES_AGGRESSIVE;
				CLANG_WARN_UNREACHABLE_CODE = YES;
				CLANG_WARN__DUPLICATE_METHOD_MATCH = YES;
				CODE_SIGN_IDENTITY = "iPhone Developer";
				COPY_PHASE_STRIP = NO;
				DEBUG_INFORMATION_FORMAT = "dwarf-with-dsym";
				ENABLE_NS_ASSERTIONS = NO;
				ENABLE_STRICT_OBJC_MSGSEND = YES;
				GCC_C_LANGUAGE_STANDARD = gnu11;
				GCC_NO_COMMON_BLOCKS = YES;
				GCC_WARN_64_TO_32_BIT_CONVERSION = YES;
				GCC_WARN_ABOUT_RETURN_TYPE = YES_ERROR;
				GCC_WARN_UNDECLARED_SELECTOR = YES;
				GCC_WARN_UNINITIALIZED_AUTOS = YES_AGGRESSIVE;
				GCC_WARN_UNUSED_FUNCTION = YES;
				GCC_WARN_UNUSED_VARIABLE = YES;
				IPHONEOS_DEPLOYMENT_TARGET = 11.2;
				MTL_ENABLE_DEBUG_INFO = NO;
				SDKROOT = iphoneos;
				SWIFT_OPTIMIZATION_LEVEL = "-Owholemodule";
				VALIDATE_PRODUCT = YES;
			};
			name = Release;
		};
		8BEF5A9E205F668100FCDF38 /* Debug */ = {
			isa = XCBuildConfiguration;
			baseConfigurationReference = 51E122CF70541F10031A2619 /* Pods-WeatherGift.debug.xcconfig */;
			buildSettings = {
				ASSETCATALOG_COMPILER_APPICON_NAME = AppIcon;
				CODE_SIGN_STYLE = Automatic;
				DEVELOPMENT_TEAM = 99NX57K6N6;
				INFOPLIST_FILE = WeatherGift/Info.plist;
				LD_RUNPATH_SEARCH_PATHS = "$(inherited) @executable_path/Frameworks";
				PRODUCT_BUNDLE_IDENTIFIER = com.nguyen.WeatherGift;
				PRODUCT_NAME = "$(TARGET_NAME)";
				SWIFT_VERSION = 4.0;
				TARGETED_DEVICE_FAMILY = "1,2";
			};
			name = Debug;
		};
		8BEF5A9F205F668100FCDF38 /* Release */ = {
			isa = XCBuildConfiguration;
			baseConfigurationReference = AFC69FE2A5002D2E76A1A309 /* Pods-WeatherGift.release.xcconfig */;
			buildSettings = {
				ASSETCATALOG_COMPILER_APPICON_NAME = AppIcon;
				CODE_SIGN_STYLE = Automatic;
				DEVELOPMENT_TEAM = 99NX57K6N6;
				INFOPLIST_FILE = WeatherGift/Info.plist;
				LD_RUNPATH_SEARCH_PATHS = "$(inherited) @executable_path/Frameworks";
				PRODUCT_BUNDLE_IDENTIFIER = com.nguyen.WeatherGift;
				PRODUCT_NAME = "$(TARGET_NAME)";
				SWIFT_VERSION = 4.0;
				TARGETED_DEVICE_FAMILY = "1,2";
			};
			name = Release;
		};
/* End XCBuildConfiguration section */

/* Begin XCConfigurationList section */
		8BEF5A86205F668000FCDF38 /* Build configuration list for PBXProject "WeatherGift" */ = {
			isa = XCConfigurationList;
			buildConfigurations = (
				8BEF5A9B205F668100FCDF38 /* Debug */,
				8BEF5A9C205F668100FCDF38 /* Release */,
			);
			defaultConfigurationIsVisible = 0;
			defaultConfigurationName = Release;
		};
		8BEF5A9D205F668100FCDF38 /* Build configuration list for PBXNativeTarget "WeatherGift" */ = {
			isa = XCConfigurationList;
			buildConfigurations = (
				8BEF5A9E205F668100FCDF38 /* Debug */,
				8BEF5A9F205F668100FCDF38 /* Release */,
			);
			defaultConfigurationIsVisible = 0;
			defaultConfigurationName = Release;
		};
/* End XCConfigurationList section */
	};
	rootObject = 8BEF5A83205F668000FCDF38 /* Project object */;
}
